{
  "name": "Starter Kit",
  "version": "1.0.0",
  "lockfileVersion": 1,
  "requires": true,
  "dependencies": {
    "@openzeppelin/contracts-ethereum-package": {
      "version": "2.2.1",
      "resolved": "https://registry.npmjs.org/@openzeppelin/contracts-ethereum-package/-/contracts-ethereum-package-2.2.1.tgz",
      "integrity": "sha512-KLisw0g0KftlEa9AvzQYNvz7LlxRmCoFZi5VedJPuYgtC1nflm6gH5TJDpxv4DzKrGN/+rB3usbamWL8A/ZrOA=="
    }
  }
}
